<Solution>
  <Configurations>
    <Platform Name="Any CPU" />
    <Platform Name="x64" />
    <Platform Name="x86" />
  </Configurations>
  <Project Path="SshNet.Agent.Sample/SshNet.Agent.Sample.csproj" />
  <Project Path="SshNet.Agent.Tests/SshNet.Agent.Tests.csproj" />
  <Project Path="SshNet.Agent/SshNet.Agent.csproj" />
</Solution>
